
Microsoft Visual Studio Solution File, Format Version 12.00
# Visual Studio 15
VisualStudioVersion = 15.0.27130.2020
MinimumVisualStudioVersion = 10.0.40219.1
Project("{FAE04EC0-301F-11D3-BF4B-00C04F79EFBC}") = "App1.Droid", "App1\App1.Droid\App1.Droid.csproj", "{9E1782F1-E6E9-4266-BF3C-CB71338B6CB9}"
EndProject
Project("{FAE04EC0-301F-11D3-BF4B-00C04F79EFBC}") = "App1.iOS", "App1\App1.iOS\App1.iOS.csproj", "{114126F4-5B45-4428-9715-127EA118FC01}"
EndProject
Project("{FAE04EC0-301F-11D3-BF4B-00C04F79EFBC}") = "App1.WinPhone", "App1\App1.WinPhone\App1.WinPhone.csproj", "{0BE87C23-0E95-4C55-B91D-FDC4AE40774E}"
EndProject
Project("{FAE04EC0-301F-11D3-BF4B-00C04F79EFBC}") = "App1.UWP", "App1\App1.UWP\App1.UWP.csproj", "{7B472F98-61E6-49B8-B0B0-F3D01E7AC749}"
EndProject
Project("{FAE04EC0-301F-11D3-BF4B-00C04F79EFBC}") = "App1.Windows", "App1\App1.Windows\App1.Windows.csproj", "{69642921-A17B-4CC3-88A7-ADC7BDCCFF23}"
EndProject
Project("{FAE04EC0-301F-11D3-BF4B-00C04F79EFBC}") = "App1", "App1\App1\App1.csproj", "{BE104CE3-3630-4E6A-AB2C-1B0D4CC2D8F4}"
EndProject
Project("{FAE04EC0-301F-11D3-BF4B-00C04F79EFBC}") = "WebApplication1", "WebApplication1\WebApplication1.csproj", "{BC85A8E6-0B17-462F-A4B7-FE8EA7BEB87D}"
EndProject
Global
	GlobalSection(SolutionConfigurationPlatforms) = preSolution
		Ad-Hoc|Any CPU = Ad-Hoc|Any CPU
		Ad-Hoc|ARM = Ad-Hoc|ARM
		Ad-Hoc|iPhone = Ad-Hoc|iPhone
		Ad-Hoc|iPhoneSimulator = Ad-Hoc|iPhoneSimulator
		Ad-Hoc|x64 = Ad-Hoc|x64
		Ad-Hoc|x86 = Ad-Hoc|x86
		AppStore|Any CPU = AppStore|Any CPU
		AppStore|ARM = AppStore|ARM
		AppStore|iPhone = AppStore|iPhone
		AppStore|iPhoneSimulator = AppStore|iPhoneSimulator
		AppStore|x64 = AppStore|x64
		AppStore|x86 = AppStore|x86
		Debug|Any CPU = Debug|Any CPU
		Debug|ARM = Debug|ARM
		Debug|iPhone = Debug|iPhone
		Debug|iPhoneSimulator = Debug|iPhoneSimulator
		Debug|x64 = Debug|x64
		Debug|x86 = Debug|x86
		Release|Any CPU = Release|Any CPU
		Release|ARM = Release|ARM
		Release|iPhone = Release|iPhone
		Release|iPhoneSimulator = Release|iPhoneSimulator
		Release|x64 = Release|x64
		Release|x86 = Release|x86
	EndGlobalSection
	GlobalSection(ProjectConfigurationPlatforms) = postSolution
		{9E1782F1-E6E9-4266-BF3C-CB71338B6CB9}.Ad-Hoc|Any CPU.ActiveCfg = Release|Any CPU
		{9E1782F1-E6E9-4266-BF3C-CB71338B6CB9}.Ad-Hoc|Any CPU.Build.0 = Release|Any CPU
		{9E1782F1-E6E9-4266-BF3C-CB71338B6CB9}.Ad-Hoc|Any CPU.Deploy.0 = Release|Any CPU
		{9E1782F1-E6E9-4266-BF3C-CB71338B6CB9}.Ad-Hoc|ARM.ActiveCfg = Release|Any CPU
		{9E1782F1-E6E9-4266-BF3C-CB71338B6CB9}.Ad-Hoc|ARM.Build.0 = Release|Any CPU
		{9E1782F1-E6E9-4266-BF3C-CB71338B6CB9}.Ad-Hoc|ARM.Deploy.0 = Release|Any CPU
		{9E1782F1-E6E9-4266-BF3C-CB71338B6CB9}.Ad-Hoc|iPhone.ActiveCfg = Release|Any CPU
		{9E1782F1-E6E9-4266-BF3C-CB71338B6CB9}.Ad-Hoc|iPhone.Build.0 = Release|Any CPU
		{9E1782F1-E6E9-4266-BF3C-CB71338B6CB9}.Ad-Hoc|iPhone.Deploy.0 = Release|Any CPU
		{9E1782F1-E6E9-4266-BF3C-CB71338B6CB9}.Ad-Hoc|iPhoneSimulator.ActiveCfg = Release|Any CPU
		{9E1782F1-E6E9-4266-BF3C-CB71338B6CB9}.Ad-Hoc|iPhoneSimulator.Build.0 = Release|Any CPU
		{9E1782F1-E6E9-4266-BF3C-CB71338B6CB9}.Ad-Hoc|iPhoneSimulator.Deploy.0 = Release|Any CPU
		{9E1782F1-E6E9-4266-BF3C-CB71338B6CB9}.Ad-Hoc|x64.ActiveCfg = Release|Any CPU
		{9E1782F1-E6E9-4266-BF3C-CB71338B6CB9}.Ad-Hoc|x64.Build.0 = Release|Any CPU
		{9E1782F1-E6E9-4266-BF3C-CB71338B6CB9}.Ad-Hoc|x64.Deploy.0 = Release|Any CPU
		{9E1782F1-E6E9-4266-BF3C-CB71338B6CB9}.Ad-Hoc|x86.ActiveCfg = Release|Any CPU
		{9E1782F1-E6E9-4266-BF3C-CB71338B6CB9}.Ad-Hoc|x86.Build.0 = Release|Any CPU
		{9E1782F1-E6E9-4266-BF3C-CB71338B6CB9}.Ad-Hoc|x86.Deploy.0 = Release|Any CPU
		{9E1782F1-E6E9-4266-BF3C-CB71338B6CB9}.AppStore|Any CPU.ActiveCfg = Release|Any CPU
		{9E1782F1-E6E9-4266-BF3C-CB71338B6CB9}.AppStore|Any CPU.Build.0 = Release|Any CPU
		{9E1782F1-E6E9-4266-BF3C-CB71338B6CB9}.AppStore|Any CPU.Deploy.0 = Release|Any CPU
		{9E1782F1-E6E9-4266-BF3C-CB71338B6CB9}.AppStore|ARM.ActiveCfg = Release|Any CPU
		{9E1782F1-E6E9-4266-BF3C-CB71338B6CB9}.AppStore|ARM.Build.0 = Release|Any CPU
		{9E1782F1-E6E9-4266-BF3C-CB71338B6CB9}.AppStore|ARM.Deploy.0 = Release|Any CPU
		{9E1782F1-E6E9-4266-BF3C-CB71338B6CB9}.AppStore|iPhone.ActiveCfg = Release|Any CPU
		{9E1782F1-E6E9-4266-BF3C-CB71338B6CB9}.AppStore|iPhone.Build.0 = Release|Any CPU
		{9E1782F1-E6E9-4266-BF3C-CB71338B6CB9}.AppStore|iPhone.Deploy.0 = Release|Any CPU
		{9E1782F1-E6E9-4266-BF3C-CB71338B6CB9}.AppStore|iPhoneSimulator.ActiveCfg = Release|Any CPU
		{9E1782F1-E6E9-4266-BF3C-CB71338B6CB9}.AppStore|iPhoneSimulator.Build.0 = Release|Any CPU
		{9E1782F1-E6E9-4266-BF3C-CB71338B6CB9}.AppStore|iPhoneSimulator.Deploy.0 = Release|Any CPU
		{9E1782F1-E6E9-4266-BF3C-CB71338B6CB9}.AppStore|x64.ActiveCfg = Release|Any CPU
		{9E1782F1-E6E9-4266-BF3C-CB71338B6CB9}.AppStore|x64.Build.0 = Release|Any CPU
		{9E1782F1-E6E9-4266-BF3C-CB71338B6CB9}.AppStore|x64.Deploy.0 = Release|Any CPU
		{9E1782F1-E6E9-4266-BF3C-CB71338B6CB9}.AppStore|x86.ActiveCfg = Release|Any CPU
		{9E1782F1-E6E9-4266-BF3C-CB71338B6CB9}.AppStore|x86.Build.0 = Release|Any CPU
		{9E1782F1-E6E9-4266-BF3C-CB71338B6CB9}.AppStore|x86.Deploy.0 = Release|Any CPU
		{9E1782F1-E6E9-4266-BF3C-CB71338B6CB9}.Debug|Any CPU.ActiveCfg = Debug|Any CPU
		{9E1782F1-E6E9-4266-BF3C-CB71338B6CB9}.Debug|Any CPU.Build.0 = Debug|Any CPU
		{9E1782F1-E6E9-4266-BF3C-CB71338B6CB9}.Debug|Any CPU.Deploy.0 = Debug|Any CPU
		{9E1782F1-E6E9-4266-BF3C-CB71338B6CB9}.Debug|ARM.ActiveCfg = Debug|Any CPU
		{9E1782F1-E6E9-4266-BF3C-CB71338B6CB9}.Debug|ARM.Build.0 = Debug|Any CPU
		{9E1782F1-E6E9-4266-BF3C-CB71338B6CB9}.Debug|ARM.Deploy.0 = Debug|Any CPU
		{9E1782F1-E6E9-4266-BF3C-CB71338B6CB9}.Debug|iPhone.ActiveCfg = Debug|Any CPU
		{9E1782F1-E6E9-4266-BF3C-CB71338B6CB9}.Debug|iPhone.Build.0 = Debug|Any CPU
		{9E1782F1-E6E9-4266-BF3C-CB71338B6CB9}.Debug|iPhone.Deploy.0 = Debug|Any CPU
		{9E1782F1-E6E9-4266-BF3C-CB71338B6CB9}.Debug|iPhoneSimulator.ActiveCfg = Debug|Any CPU
		{9E1782F1-E6E9-4266-BF3C-CB71338B6CB9}.Debug|iPhoneSimulator.Build.0 = Debug|Any CPU
		{9E1782F1-E6E9-4266-BF3C-CB71338B6CB9}.Debug|iPhoneSimulator.Deploy.0 = Debug|Any CPU
		{9E1782F1-E6E9-4266-BF3C-CB71338B6CB9}.Debug|x64.ActiveCfg = Debug|Any CPU
		{9E1782F1-E6E9-4266-BF3C-CB71338B6CB9}.Debug|x64.Build.0 = Debug|Any CPU
		{9E1782F1-E6E9-4266-BF3C-CB71338B6CB9}.Debug|x64.Deploy.0 = Debug|Any CPU
		{9E1782F1-E6E9-4266-BF3C-CB71338B6CB9}.Debug|x86.ActiveCfg = Debug|Any CPU
		{9E1782F1-E6E9-4266-BF3C-CB71338B6CB9}.Debug|x86.Build.0 = Debug|Any CPU
		{9E1782F1-E6E9-4266-BF3C-CB71338B6CB9}.Debug|x86.Deploy.0 = Debug|Any CPU
		{9E1782F1-E6E9-4266-BF3C-CB71338B6CB9}.Release|Any CPU.ActiveCfg = Release|Any CPU
		{9E1782F1-E6E9-4266-BF3C-CB71338B6CB9}.Release|Any CPU.Build.0 = Release|Any CPU
		{9E1782F1-E6E9-4266-BF3C-CB71338B6CB9}.Release|Any CPU.Deploy.0 = Release|Any CPU
		{9E1782F1-E6E9-4266-BF3C-CB71338B6CB9}.Release|ARM.ActiveCfg = Release|Any CPU
		{9E1782F1-E6E9-4266-BF3C-CB71338B6CB9}.Release|ARM.Build.0 = Release|Any CPU
		{9E1782F1-E6E9-4266-BF3C-CB71338B6CB9}.Release|ARM.Deploy.0 = Release|Any CPU
		{9E1782F1-E6E9-4266-BF3C-CB71338B6CB9}.Release|iPhone.ActiveCfg = Release|Any CPU
		{9E1782F1-E6E9-4266-BF3C-CB71338B6CB9}.Release|iPhone.Build.0 = Release|Any CPU
		{9E1782F1-E6E9-4266-BF3C-CB71338B6CB9}.Release|iPhone.Deploy.0 = Release|Any CPU
		{9E1782F1-E6E9-4266-BF3C-CB71338B6CB9}.Release|iPhoneSimulator.ActiveCfg = Release|Any CPU
		{9E1782F1-E6E9-4266-BF3C-CB71338B6CB9}.Release|iPhoneSimulator.Build.0 = Release|Any CPU
		{9E1782F1-E6E9-4266-BF3C-CB71338B6CB9}.Release|iPhoneSimulator.Deploy.0 = Release|Any CPU
		{9E1782F1-E6E9-4266-BF3C-CB71338B6CB9}.Release|x64.ActiveCfg = Release|Any CPU
		{9E1782F1-E6E9-4266-BF3C-CB71338B6CB9}.Release|x64.Build.0 = Release|Any CPU
		{9E1782F1-E6E9-4266-BF3C-CB71338B6CB9}.Release|x64.Deploy.0 = Release|Any CPU
		{9E1782F1-E6E9-4266-BF3C-CB71338B6CB9}.Release|x86.ActiveCfg = Release|Any CPU
		{9E1782F1-E6E9-4266-BF3C-CB71338B6CB9}.Release|x86.Build.0 = Release|Any CPU
		{9E1782F1-E6E9-4266-BF3C-CB71338B6CB9}.Release|x86.Deploy.0 = Release|Any CPU
		{114126F4-5B45-4428-9715-127EA118FC01}.Ad-Hoc|Any CPU.ActiveCfg = Ad-Hoc|iPhone
		{114126F4-5B45-4428-9715-127EA118FC01}.Ad-Hoc|ARM.ActiveCfg = Ad-Hoc|iPhone
		{114126F4-5B45-4428-9715-127EA118FC01}.Ad-Hoc|iPhone.ActiveCfg = Ad-Hoc|iPhone
		{114126F4-5B45-4428-9715-127EA118FC01}.Ad-Hoc|iPhone.Build.0 = Ad-Hoc|iPhone
		{114126F4-5B45-4428-9715-127EA118FC01}.Ad-Hoc|iPhoneSimulator.ActiveCfg = Ad-Hoc|iPhoneSimulator
		{114126F4-5B45-4428-9715-127EA118FC01}.Ad-Hoc|iPhoneSimulator.Build.0 = Ad-Hoc|iPhoneSimulator
		{114126F4-5B45-4428-9715-127EA118FC01}.Ad-Hoc|x64.ActiveCfg = Ad-Hoc|iPhone
		{114126F4-5B45-4428-9715-127EA118FC01}.Ad-Hoc|x86.ActiveCfg = Ad-Hoc|iPhone
		{114126F4-5B45-4428-9715-127EA118FC01}.AppStore|Any CPU.ActiveCfg = AppStore|iPhone
		{114126F4-5B45-4428-9715-127EA118FC01}.AppStore|ARM.ActiveCfg = AppStore|iPhone
		{114126F4-5B45-4428-9715-127EA118FC01}.AppStore|iPhone.ActiveCfg = AppStore|iPhone
		{114126F4-5B45-4428-9715-127EA118FC01}.AppStore|iPhone.Build.0 = AppStore|iPhone
		{114126F4-5B45-4428-9715-127EA118FC01}.AppStore|iPhoneSimulator.ActiveCfg = AppStore|iPhoneSimulator
		{114126F4-5B45-4428-9715-127EA118FC01}.AppStore|iPhoneSimulator.Build.0 = AppStore|iPhoneSimulator
		{114126F4-5B45-4428-9715-127EA118FC01}.AppStore|x64.ActiveCfg = AppStore|iPhone
		{114126F4-5B45-4428-9715-127EA118FC01}.AppStore|x86.ActiveCfg = AppStore|iPhone
		{114126F4-5B45-4428-9715-127EA118FC01}.Debug|Any CPU.ActiveCfg = Debug|iPhone
		{114126F4-5B45-4428-9715-127EA118FC01}.Debug|ARM.ActiveCfg = Debug|iPhone
		{114126F4-5B45-4428-9715-127EA118FC01}.Debug|iPhone.ActiveCfg = Debug|iPhone
		{114126F4-5B45-4428-9715-127EA118FC01}.Debug|iPhone.Build.0 = Debug|iPhone
		{114126F4-5B45-4428-9715-127EA118FC01}.Debug|iPhoneSimulator.ActiveCfg = Debug|iPhoneSimulator
		{114126F4-5B45-4428-9715-127EA118FC01}.Debug|iPhoneSimulator.Build.0 = Debug|iPhoneSimulator
		{114126F4-5B45-4428-9715-127EA118FC01}.Debug|x64.ActiveCfg = Debug|iPhone
		{114126F4-5B45-4428-9715-127EA118FC01}.Debug|x86.ActiveCfg = Debug|iPhone
		{114126F4-5B45-4428-9715-127EA118FC01}.Release|Any CPU.ActiveCfg = Release|iPhone
		{114126F4-5B45-4428-9715-127EA118FC01}.Release|ARM.ActiveCfg = Release|iPhone
		{114126F4-5B45-4428-9715-127EA118FC01}.Release|iPhone.ActiveCfg = Release|iPhone
		{114126F4-5B45-4428-9715-127EA118FC01}.Release|iPhone.Build.0 = Release|iPhone
		{114126F4-5B45-4428-9715-127EA118FC01}.Release|iPhoneSimulator.ActiveCfg = Release|iPhoneSimulator
		{114126F4-5B45-4428-9715-127EA118FC01}.Release|iPhoneSimulator.Build.0 = Release|iPhoneSimulator
		{114126F4-5B45-4428-9715-127EA118FC01}.Release|x64.ActiveCfg = Release|iPhone
		{114126F4-5B45-4428-9715-127EA118FC01}.Release|x86.ActiveCfg = Release|iPhone
		{0BE87C23-0E95-4C55-B91D-FDC4AE40774E}.Ad-Hoc|Any CPU.ActiveCfg = Release|Any CPU
		{0BE87C23-0E95-4C55-B91D-FDC4AE40774E}.Ad-Hoc|Any CPU.Build.0 = Release|Any CPU
		{0BE87C23-0E95-4C55-B91D-FDC4AE40774E}.Ad-Hoc|Any CPU.Deploy.0 = Release|Any CPU
		{0BE87C23-0E95-4C55-B91D-FDC4AE40774E}.Ad-Hoc|ARM.ActiveCfg = Release|ARM
		{0BE87C23-0E95-4C55-B91D-FDC4AE40774E}.Ad-Hoc|ARM.Build.0 = Release|ARM
		{0BE87C23-0E95-4C55-B91D-FDC4AE40774E}.Ad-Hoc|ARM.Deploy.0 = Release|ARM
		{0BE87C23-0E95-4C55-B91D-FDC4AE40774E}.Ad-Hoc|iPhone.ActiveCfg = Release|Any CPU
		{0BE87C23-0E95-4C55-B91D-FDC4AE40774E}.Ad-Hoc|iPhone.Build.0 = Release|Any CPU
		{0BE87C23-0E95-4C55-B91D-FDC4AE40774E}.Ad-Hoc|iPhone.Deploy.0 = Release|Any CPU
		{0BE87C23-0E95-4C55-B91D-FDC4AE40774E}.Ad-Hoc|iPhoneSimulator.ActiveCfg = Release|Any CPU
		{0BE87C23-0E95-4C55-B91D-FDC4AE40774E}.Ad-Hoc|iPhoneSimulator.Build.0 = Release|Any CPU
		{0BE87C23-0E95-4C55-B91D-FDC4AE40774E}.Ad-Hoc|iPhoneSimulator.Deploy.0 = Release|Any CPU
		{0BE87C23-0E95-4C55-B91D-FDC4AE40774E}.Ad-Hoc|x64.ActiveCfg = Release|Any CPU
		{0BE87C23-0E95-4C55-B91D-FDC4AE40774E}.Ad-Hoc|x64.Build.0 = Release|Any CPU
		{0BE87C23-0E95-4C55-B91D-FDC4AE40774E}.Ad-Hoc|x64.Deploy.0 = Release|Any CPU
		{0BE87C23-0E95-4C55-B91D-FDC4AE40774E}.Ad-Hoc|x86.ActiveCfg = Release|x86
		{0BE87C23-0E95-4C55-B91D-FDC4AE40774E}.Ad-Hoc|x86.Build.0 = Release|x86
		{0BE87C23-0E95-4C55-B91D-FDC4AE40774E}.Ad-Hoc|x86.Deploy.0 = Release|x86
		{0BE87C23-0E95-4C55-B91D-FDC4AE40774E}.AppStore|Any CPU.ActiveCfg = Release|Any CPU
		{0BE87C23-0E95-4C55-B91D-FDC4AE40774E}.AppStore|Any CPU.Build.0 = Release|Any CPU
		{0BE87C23-0E95-4C55-B91D-FDC4AE40774E}.AppStore|Any CPU.Deploy.0 = Release|Any CPU
		{0BE87C23-0E95-4C55-B91D-FDC4AE40774E}.AppStore|ARM.ActiveCfg = Release|ARM
		{0BE87C23-0E95-4C55-B91D-FDC4AE40774E}.AppStore|ARM.Build.0 = Release|ARM
		{0BE87C23-0E95-4C55-B91D-FDC4AE40774E}.AppStore|ARM.Deploy.0 = Release|ARM
		{0BE87C23-0E95-4C55-B91D-FDC4AE40774E}.AppStore|iPhone.ActiveCfg = Release|Any CPU
		{0BE87C23-0E95-4C55-B91D-FDC4AE40774E}.AppStore|iPhone.Build.0 = Release|Any CPU
		{0BE87C23-0E95-4C55-B91D-FDC4AE40774E}.AppStore|iPhone.Deploy.0 = Release|Any CPU
		{0BE87C23-0E95-4C55-B91D-FDC4AE40774E}.AppStore|iPhoneSimulator.ActiveCfg = Release|Any CPU
		{0BE87C23-0E95-4C55-B91D-FDC4AE40774E}.AppStore|iPhoneSimulator.Build.0 = Release|Any CPU
		{0BE87C23-0E95-4C55-B91D-FDC4AE40774E}.AppStore|iPhoneSimulator.Deploy.0 = Release|Any CPU
		{0BE87C23-0E95-4C55-B91D-FDC4AE40774E}.AppStore|x64.ActiveCfg = Release|Any CPU
		{0BE87C23-0E95-4C55-B91D-FDC4AE40774E}.AppStore|x64.Build.0 = Release|Any CPU
		{0BE87C23-0E95-4C55-B91D-FDC4AE40774E}.AppStore|x64.Deploy.0 = Release|Any CPU
		{0BE87C23-0E95-4C55-B91D-FDC4AE40774E}.AppStore|x86.ActiveCfg = Release|x86
		{0BE87C23-0E95-4C55-B91D-FDC4AE40774E}.AppStore|x86.Build.0 = Release|x86
		{0BE87C23-0E95-4C55-B91D-FDC4AE40774E}.AppStore|x86.Deploy.0 = Release|x86
		{0BE87C23-0E95-4C55-B91D-FDC4AE40774E}.Debug|Any CPU.ActiveCfg = Debug|Any CPU
		{0BE87C23-0E95-4C55-B91D-FDC4AE40774E}.Debug|Any CPU.Build.0 = Debug|Any CPU
		{0BE87C23-0E95-4C55-B91D-FDC4AE40774E}.Debug|Any CPU.Deploy.0 = Debug|Any CPU
		{0BE87C23-0E95-4C55-B91D-FDC4AE40774E}.Debug|ARM.ActiveCfg = Debug|ARM
		{0BE87C23-0E95-4C55-B91D-FDC4AE40774E}.Debug|ARM.Build.0 = Debug|ARM
		{0BE87C23-0E95-4C55-B91D-FDC4AE40774E}.Debug|ARM.Deploy.0 = Debug|ARM
		{0BE87C23-0E95-4C55-B91D-FDC4AE40774E}.Debug|iPhone.ActiveCfg = Debug|Any CPU
		{0BE87C23-0E95-4C55-B91D-FDC4AE40774E}.Debug|iPhone.Build.0 = Debug|Any CPU
		{0BE87C23-0E95-4C55-B91D-FDC4AE40774E}.Debug|iPhone.Deploy.0 = Debug|Any CPU
		{0BE87C23-0E95-4C55-B91D-FDC4AE40774E}.Debug|iPhoneSimulator.ActiveCfg = Debug|Any CPU
		{0BE87C23-0E95-4C55-B91D-FDC4AE40774E}.Debug|iPhoneSimulator.Build.0 = Debug|Any CPU
		{0BE87C23-0E95-4C55-B91D-FDC4AE40774E}.Debug|iPhoneSimulator.Deploy.0 = Debug|Any CPU
		{0BE87C23-0E95-4C55-B91D-FDC4AE40774E}.Debug|x64.ActiveCfg = Debug|Any CPU
		{0BE87C23-0E95-4C55-B91D-FDC4AE40774E}.Debug|x64.Build.0 = Debug|Any CPU
		{0BE87C23-0E95-4C55-B91D-FDC4AE40774E}.Debug|x64.Deploy.0 = Debug|Any CPU
		{0BE87C23-0E95-4C55-B91D-FDC4AE40774E}.Debug|x86.ActiveCfg = Debug|x86
		{0BE87C23-0E95-4C55-B91D-FDC4AE40774E}.Debug|x86.Build.0 = Debug|x86
		{0BE87C23-0E95-4C55-B91D-FDC4AE40774E}.Debug|x86.Deploy.0 = Debug|x86
		{0BE87C23-0E95-4C55-B91D-FDC4AE40774E}.Release|Any CPU.ActiveCfg = Release|Any CPU
		{0BE87C23-0E95-4C55-B91D-FDC4AE40774E}.Release|Any CPU.Build.0 = Release|Any CPU
		{0BE87C23-0E95-4C55-B91D-FDC4AE40774E}.Release|Any CPU.Deploy.0 = Release|Any CPU
		{0BE87C23-0E95-4C55-B91D-FDC4AE40774E}.Release|ARM.ActiveCfg = Release|ARM
		{0BE87C23-0E95-4C55-B91D-FDC4AE40774E}.Release|ARM.Build.0 = Release|ARM
		{0BE87C23-0E95-4C55-B91D-FDC4AE40774E}.Release|ARM.Deploy.0 = Release|ARM
		{0BE87C23-0E95-4C55-B91D-FDC4AE40774E}.Release|iPhone.ActiveCfg = Release|Any CPU
		{0BE87C23-0E95-4C55-B91D-FDC4AE40774E}.Release|iPhone.Build.0 = Release|Any CPU
		{0BE87C23-0E95-4C55-B91D-FDC4AE40774E}.Release|iPhone.Deploy.0 = Release|Any CPU
		{0BE87C23-0E95-4C55-B91D-FDC4AE40774E}.Release|iPhoneSimulator.ActiveCfg = Release|Any CPU
		{0BE87C23-0E95-4C55-B91D-FDC4AE40774E}.Release|iPhoneSimulator.Build.0 = Release|Any CPU
		{0BE87C23-0E95-4C55-B91D-FDC4AE40774E}.Release|iPhoneSimulator.Deploy.0 = Release|Any CPU
		{0BE87C23-0E95-4C55-B91D-FDC4AE40774E}.Release|x64.ActiveCfg = Release|Any CPU
		{0BE87C23-0E95-4C55-B91D-FDC4AE40774E}.Release|x64.Build.0 = Release|Any CPU
		{0BE87C23-0E95-4C55-B91D-FDC4AE40774E}.Release|x64.Deploy.0 = Release|Any CPU
		{0BE87C23-0E95-4C55-B91D-FDC4AE40774E}.Release|x86.ActiveCfg = Release|x86
		{0BE87C23-0E95-4C55-B91D-FDC4AE40774E}.Release|x86.Build.0 = Release|x86
		{0BE87C23-0E95-4C55-B91D-FDC4AE40774E}.Release|x86.Deploy.0 = Release|x86
		{7B472F98-61E6-49B8-B0B0-F3D01E7AC749}.Ad-Hoc|Any CPU.ActiveCfg = Release|x86
		{7B472F98-61E6-49B8-B0B0-F3D01E7AC749}.Ad-Hoc|Any CPU.Build.0 = Release|x86
		{7B472F98-61E6-49B8-B0B0-F3D01E7AC749}.Ad-Hoc|Any CPU.Deploy.0 = Release|x86
		{7B472F98-61E6-49B8-B0B0-F3D01E7AC749}.Ad-Hoc|ARM.ActiveCfg = Release|ARM
		{7B472F98-61E6-49B8-B0B0-F3D01E7AC749}.Ad-Hoc|ARM.Build.0 = Release|ARM
		{7B472F98-61E6-49B8-B0B0-F3D01E7AC749}.Ad-Hoc|ARM.Deploy.0 = Release|ARM
		{7B472F98-61E6-49B8-B0B0-F3D01E7AC749}.Ad-Hoc|iPhone.ActiveCfg = Release|x86
		{7B472F98-61E6-49B8-B0B0-F3D01E7AC749}.Ad-Hoc|iPhone.Build.0 = Release|x86
		{7B472F98-61E6-49B8-B0B0-F3D01E7AC749}.Ad-Hoc|iPhone.Deploy.0 = Release|x86
		{7B472F98-61E6-49B8-B0B0-F3D01E7AC749}.Ad-Hoc|iPhoneSimulator.ActiveCfg = Release|x86
		{7B472F98-61E6-49B8-B0B0-F3D01E7AC749}.Ad-Hoc|iPhoneSimulator.Build.0 = Release|x86
		{7B472F98-61E6-49B8-B0B0-F3D01E7AC749}.Ad-Hoc|iPhoneSimulator.Deploy.0 = Release|x86
		{7B472F98-61E6-49B8-B0B0-F3D01E7AC749}.Ad-Hoc|x64.ActiveCfg = Release|x64
		{7B472F98-61E6-49B8-B0B0-F3D01E7AC749}.Ad-Hoc|x64.Build.0 = Release|x64
		{7B472F98-61E6-49B8-B0B0-F3D01E7AC749}.Ad-Hoc|x64.Deploy.0 = Release|x64
		{7B472F98-61E6-49B8-B0B0-F3D01E7AC749}.Ad-Hoc|x86.ActiveCfg = Release|x86
		{7B472F98-61E6-49B8-B0B0-F3D01E7AC749}.Ad-Hoc|x86.Build.0 = Release|x86
		{7B472F98-61E6-49B8-B0B0-F3D01E7AC749}.Ad-Hoc|x86.Deploy.0 = Release|x86
		{7B472F98-61E6-49B8-B0B0-F3D01E7AC749}.AppStore|Any CPU.ActiveCfg = Release|x86
		{7B472F98-61E6-49B8-B0B0-F3D01E7AC749}.AppStore|Any CPU.Build.0 = Release|x86
		{7B472F98-61E6-49B8-B0B0-F3D01E7AC749}.AppStore|Any CPU.Deploy.0 = Release|x86
		{7B472F98-61E6-49B8-B0B0-F3D01E7AC749}.AppStore|ARM.ActiveCfg = Release|ARM
		{7B472F98-61E6-49B8-B0B0-F3D01E7AC749}.AppStore|ARM.Build.0 = Release|ARM
		{7B472F98-61E6-49B8-B0B0-F3D01E7AC749}.AppStore|ARM.Deploy.0 = Release|ARM
		{7B472F98-61E6-49B8-B0B0-F3D01E7AC749}.AppStore|iPhone.ActiveCfg = Release|x86
		{7B472F98-61E6-49B8-B0B0-F3D01E7AC749}.AppStore|iPhone.Build.0 = Release|x86
		{7B472F98-61E6-49B8-B0B0-F3D01E7AC749}.AppStore|iPhone.Deploy.0 = Release|x86
		{7B472F98-61E6-49B8-B0B0-F3D01E7AC749}.AppStore|iPhoneSimulator.ActiveCfg = Release|x86
		{7B472F98-61E6-49B8-B0B0-F3D01E7AC749}.AppStore|iPhoneSimulator.Build.0 = Release|x86
		{7B472F98-61E6-49B8-B0B0-F3D01E7AC749}.AppStore|iPhoneSimulator.Deploy.0 = Release|x86
		{7B472F98-61E6-49B8-B0B0-F3D01E7AC749}.AppStore|x64.ActiveCfg = Release|x64
		{7B472F98-61E6-49B8-B0B0-F3D01E7AC749}.AppStore|x64.Build.0 = Release|x64
		{7B472F98-61E6-49B8-B0B0-F3D01E7AC749}.AppStore|x64.Deploy.0 = Release|x64
		{7B472F98-61E6-49B8-B0B0-F3D01E7AC749}.AppStore|x86.ActiveCfg = Release|x86
		{7B472F98-61E6-49B8-B0B0-F3D01E7AC749}.AppStore|x86.Build.0 = Release|x86
		{7B472F98-61E6-49B8-B0B0-F3D01E7AC749}.AppStore|x86.Deploy.0 = Release|x86
		{7B472F98-61E6-49B8-B0B0-F3D01E7AC749}.Debug|Any CPU.ActiveCfg = Debug|x86
		{7B472F98-61E6-49B8-B0B0-F3D01E7AC749}.Debug|Any CPU.Build.0 = Debug|x86
		{7B472F98-61E6-49B8-B0B0-F3D01E7AC749}.Debug|Any CPU.Deploy.0 = Debug|x86
		{7B472F98-61E6-49B8-B0B0-F3D01E7AC749}.Debug|ARM.ActiveCfg = Debug|ARM
		{7B472F98-61E6-49B8-B0B0-F3D01E7AC749}.Debug|ARM.Build.0 = Debug|ARM
		{7B472F98-61E6-49B8-B0B0-F3D01E7AC749}.Debug|ARM.Deploy.0 = Debug|ARM
		{7B472F98-61E6-49B8-B0B0-F3D01E7AC749}.Debug|iPhone.ActiveCfg = Debug|x86
		{7B472F98-61E6-49B8-B0B0-F3D01E7AC749}.Debug|iPhoneSimulator.ActiveCfg = Debug|x86
		{7B472F98-61E6-49B8-B0B0-F3D01E7AC749}.Debug|x64.ActiveCfg = Debug|x64
		{7B472F98-61E6-49B8-B0B0-F3D01E7AC749}.Debug|x64.Build.0 = Debug|x64
		{7B472F98-61E6-49B8-B0B0-F3D01E7AC749}.Debug|x64.Deploy.0 = Debug|x64
		{7B472F98-61E6-49B8-B0B0-F3D01E7AC749}.Debug|x86.ActiveCfg = Debug|x86
		{7B472F98-61E6-49B8-B0B0-F3D01E7AC749}.Debug|x86.Build.0 = Debug|x86
		{7B472F98-61E6-49B8-B0B0-F3D01E7AC749}.Debug|x86.Deploy.0 = Debug|x86
		{7B472F98-61E6-49B8-B0B0-F3D01E7AC749}.Release|Any CPU.ActiveCfg = Release|x86
		{7B472F98-61E6-49B8-B0B0-F3D01E7AC749}.Release|ARM.ActiveCfg = Release|ARM
		{7B472F98-61E6-49B8-B0B0-F3D01E7AC749}.Release|ARM.Build.0 = Release|ARM
		{7B472F98-61E6-49B8-B0B0-F3D01E7AC749}.Release|ARM.Deploy.0 = Release|ARM
		{7B472F98-61E6-49B8-B0B0-F3D01E7AC749}.Release|iPhone.ActiveCfg = Release|x86
		{7B472F98-61E6-49B8-B0B0-F3D01E7AC749}.Release|iPhoneSimulator.ActiveCfg = Release|x86
		{7B472F98-61E6-49B8-B0B0-F3D01E7AC749}.Release|x64.ActiveCfg = Release|x64
		{7B472F98-61E6-49B8-B0B0-F3D01E7AC749}.Release|x64.Build.0 = Release|x64
		{7B472F98-61E6-49B8-B0B0-F3D01E7AC749}.Release|x64.Deploy.0 = Release|x64
		{7B472F98-61E6-49B8-B0B0-F3D01E7AC749}.Release|x86.ActiveCfg = Release|x86
		{7B472F98-61E6-49B8-B0B0-F3D01E7AC749}.Release|x86.Build.0 = Release|x86
		{7B472F98-61E6-49B8-B0B0-F3D01E7AC749}.Release|x86.Deploy.0 = Release|x86
		{69642921-A17B-4CC3-88A7-ADC7BDCCFF23}.Ad-Hoc|Any CPU.ActiveCfg = Release|Any CPU
		{69642921-A17B-4CC3-88A7-ADC7BDCCFF23}.Ad-Hoc|Any CPU.Build.0 = Release|Any CPU
		{69642921-A17B-4CC3-88A7-ADC7BDCCFF23}.Ad-Hoc|Any CPU.Deploy.0 = Release|Any CPU
		{69642921-A17B-4CC3-88A7-ADC7BDCCFF23}.Ad-Hoc|ARM.ActiveCfg = Release|ARM
		{69642921-A17B-4CC3-88A7-ADC7BDCCFF23}.Ad-Hoc|ARM.Build.0 = Release|ARM
		{69642921-A17B-4CC3-88A7-ADC7BDCCFF23}.Ad-Hoc|ARM.Deploy.0 = Release|ARM
		{69642921-A17B-4CC3-88A7-ADC7BDCCFF23}.Ad-Hoc|iPhone.ActiveCfg = Release|Any CPU
		{69642921-A17B-4CC3-88A7-ADC7BDCCFF23}.Ad-Hoc|iPhone.Build.0 = Release|Any CPU
		{69642921-A17B-4CC3-88A7-ADC7BDCCFF23}.Ad-Hoc|iPhone.Deploy.0 = Release|Any CPU
		{69642921-A17B-4CC3-88A7-ADC7BDCCFF23}.Ad-Hoc|iPhoneSimulator.ActiveCfg = Release|Any CPU
		{69642921-A17B-4CC3-88A7-ADC7BDCCFF23}.Ad-Hoc|iPhoneSimulator.Build.0 = Release|Any CPU
		{69642921-A17B-4CC3-88A7-ADC7BDCCFF23}.Ad-Hoc|iPhoneSimulator.Deploy.0 = Release|Any CPU
		{69642921-A17B-4CC3-88A7-ADC7BDCCFF23}.Ad-Hoc|x64.ActiveCfg = Release|x64
		{69642921-A17B-4CC3-88A7-ADC7BDCCFF23}.Ad-Hoc|x64.Build.0 = Release|x64
		{69642921-A17B-4CC3-88A7-ADC7BDCCFF23}.Ad-Hoc|x64.Deploy.0 = Release|x64
		{69642921-A17B-4CC3-88A7-ADC7BDCCFF23}.Ad-Hoc|x86.ActiveCfg = Release|x86
		{69642921-A17B-4CC3-88A7-ADC7BDCCFF23}.Ad-Hoc|x86.Build.0 = Release|x86
		{69642921-A17B-4CC3-88A7-ADC7BDCCFF23}.Ad-Hoc|x86.Deploy.0 = Release|x86
		{69642921-A17B-4CC3-88A7-ADC7BDCCFF23}.AppStore|Any CPU.ActiveCfg = Release|Any CPU
		{69642921-A17B-4CC3-88A7-ADC7BDCCFF23}.AppStore|Any CPU.Build.0 = Release|Any CPU
		{69642921-A17B-4CC3-88A7-ADC7BDCCFF23}.AppStore|Any CPU.Deploy.0 = Release|Any CPU
		{69642921-A17B-4CC3-88A7-ADC7BDCCFF23}.AppStore|ARM.ActiveCfg = Release|ARM
		{69642921-A17B-4CC3-88A7-ADC7BDCCFF23}.AppStore|ARM.Build.0 = Release|ARM
		{69642921-A17B-4CC3-88A7-ADC7BDCCFF23}.AppStore|ARM.Deploy.0 = Release|ARM
		{69642921-A17B-4CC3-88A7-ADC7BDCCFF23}.AppStore|iPhone.ActiveCfg = Release|Any CPU
		{69642921-A17B-4CC3-88A7-ADC7BDCCFF23}.AppStore|iPhone.Build.0 = Release|Any CPU
		{69642921-A17B-4CC3-88A7-ADC7BDCCFF23}.AppStore|iPhone.Deploy.0 = Release|Any CPU
		{69642921-A17B-4CC3-88A7-ADC7BDCCFF23}.AppStore|iPhoneSimulator.ActiveCfg = Release|Any CPU
		{69642921-A17B-4CC3-88A7-ADC7BDCCFF23}.AppStore|iPhoneSimulator.Build.0 = Release|Any CPU
		{69642921-A17B-4CC3-88A7-ADC7BDCCFF23}.AppStore|iPhoneSimulator.Deploy.0 = Release|Any CPU
		{69642921-A17B-4CC3-88A7-ADC7BDCCFF23}.AppStore|x64.ActiveCfg = Release|x64
		{69642921-A17B-4CC3-88A7-ADC7BDCCFF23}.AppStore|x64.Build.0 = Release|x64
		{69642921-A17B-4CC3-88A7-ADC7BDCCFF23}.AppStore|x64.Deploy.0 = Release|x64
		{69642921-A17B-4CC3-88A7-ADC7BDCCFF23}.AppStore|x86.ActiveCfg = Release|x86
		{69642921-A17B-4CC3-88A7-ADC7BDCCFF23}.AppStore|x86.Build.0 = Release|x86
		{69642921-A17B-4CC3-88A7-ADC7BDCCFF23}.AppStore|x86.Deploy.0 = Release|x86
		{69642921-A17B-4CC3-88A7-ADC7BDCCFF23}.Debug|Any CPU.ActiveCfg = Debug|Any CPU
		{69642921-A17B-4CC3-88A7-ADC7BDCCFF23}.Debug|Any CPU.Build.0 = Debug|Any CPU
		{69642921-A17B-4CC3-88A7-ADC7BDCCFF23}.Debug|Any CPU.Deploy.0 = Debug|Any CPU
		{69642921-A17B-4CC3-88A7-ADC7BDCCFF23}.Debug|ARM.ActiveCfg = Debug|ARM
		{69642921-A17B-4CC3-88A7-ADC7BDCCFF23}.Debug|ARM.Build.0 = Debug|ARM
		{69642921-A17B-4CC3-88A7-ADC7BDCCFF23}.Debug|ARM.Deploy.0 = Debug|ARM
		{69642921-A17B-4CC3-88A7-ADC7BDCCFF23}.Debug|iPhone.ActiveCfg = Debug|Any CPU
		{69642921-A17B-4CC3-88A7-ADC7BDCCFF23}.Debug|iPhone.Build.0 = Debug|Any CPU
		{69642921-A17B-4CC3-88A7-ADC7BDCCFF23}.Debug|iPhone.Deploy.0 = Debug|Any CPU
		{69642921-A17B-4CC3-88A7-ADC7BDCCFF23}.Debug|iPhoneSimulator.ActiveCfg = Debug|Any CPU
		{69642921-A17B-4CC3-88A7-ADC7BDCCFF23}.Debug|iPhoneSimulator.Build.0 = Debug|Any CPU
		{69642921-A17B-4CC3-88A7-ADC7BDCCFF23}.Debug|iPhoneSimulator.Deploy.0 = Debug|Any CPU
		{69642921-A17B-4CC3-88A7-ADC7BDCCFF23}.Debug|x64.ActiveCfg = Debug|x64
		{69642921-A17B-4CC3-88A7-ADC7BDCCFF23}.Debug|x64.Build.0 = Debug|x64
		{69642921-A17B-4CC3-88A7-ADC7BDCCFF23}.Debug|x64.Deploy.0 = Debug|x64
		{69642921-A17B-4CC3-88A7-ADC7BDCCFF23}.Debug|x86.ActiveCfg = Debug|x86
		{69642921-A17B-4CC3-88A7-ADC7BDCCFF23}.Debug|x86.Build.0 = Debug|x86
		{69642921-A17B-4CC3-88A7-ADC7BDCCFF23}.Debug|x86.Deploy.0 = Debug|x86
		{69642921-A17B-4CC3-88A7-ADC7BDCCFF23}.Release|Any CPU.ActiveCfg = Release|Any CPU
		{69642921-A17B-4CC3-88A7-ADC7BDCCFF23}.Release|Any CPU.Build.0 = Release|Any CPU
		{69642921-A17B-4CC3-88A7-ADC7BDCCFF23}.Release|Any CPU.Deploy.0 = Release|Any CPU
		{69642921-A17B-4CC3-88A7-ADC7BDCCFF23}.Release|ARM.ActiveCfg = Release|ARM
		{69642921-A17B-4CC3-88A7-ADC7BDCCFF23}.Release|ARM.Build.0 = Release|ARM
		{69642921-A17B-4CC3-88A7-ADC7BDCCFF23}.Release|ARM.Deploy.0 = Release|ARM
		{69642921-A17B-4CC3-88A7-ADC7BDCCFF23}.Release|iPhone.ActiveCfg = Release|Any CPU
		{69642921-A17B-4CC3-88A7-ADC7BDCCFF23}.Release|iPhone.Build.0 = Release|Any CPU
		{69642921-A17B-4CC3-88A7-ADC7BDCCFF23}.Release|iPhone.Deploy.0 = Release|Any CPU
		{69642921-A17B-4CC3-88A7-ADC7BDCCFF23}.Release|iPhoneSimulator.ActiveCfg = Release|Any CPU
		{69642921-A17B-4CC3-88A7-ADC7BDCCFF23}.Release|iPhoneSimulator.Build.0 = Release|Any CPU
		{69642921-A17B-4CC3-88A7-ADC7BDCCFF23}.Release|iPhoneSimulator.Deploy.0 = Release|Any CPU
		{69642921-A17B-4CC3-88A7-ADC7BDCCFF23}.Release|x64.ActiveCfg = Release|x64
		{69642921-A17B-4CC3-88A7-ADC7BDCCFF23}.Release|x64.Build.0 = Release|x64
		{69642921-A17B-4CC3-88A7-ADC7BDCCFF23}.Release|x64.Deploy.0 = Release|x64
		{69642921-A17B-4CC3-88A7-ADC7BDCCFF23}.Release|x86.ActiveCfg = Release|x86
		{69642921-A17B-4CC3-88A7-ADC7BDCCFF23}.Release|x86.Build.0 = Release|x86
		{69642921-A17B-4CC3-88A7-ADC7BDCCFF23}.Release|x86.Deploy.0 = Release|x86
		{BE104CE3-3630-4E6A-AB2C-1B0D4CC2D8F4}.Ad-Hoc|Any CPU.ActiveCfg = Release|Any CPU
		{BE104CE3-3630-4E6A-AB2C-1B0D4CC2D8F4}.Ad-Hoc|Any CPU.Build.0 = Release|Any CPU
		{BE104CE3-3630-4E6A-AB2C-1B0D4CC2D8F4}.Ad-Hoc|ARM.ActiveCfg = Release|Any CPU
		{BE104CE3-3630-4E6A-AB2C-1B0D4CC2D8F4}.Ad-Hoc|ARM.Build.0 = Release|Any CPU
		{BE104CE3-3630-4E6A-AB2C-1B0D4CC2D8F4}.Ad-Hoc|iPhone.ActiveCfg = Release|Any CPU
		{BE104CE3-3630-4E6A-AB2C-1B0D4CC2D8F4}.Ad-Hoc|iPhone.Build.0 = Release|Any CPU
		{BE104CE3-3630-4E6A-AB2C-1B0D4CC2D8F4}.Ad-Hoc|iPhoneSimulator.ActiveCfg = Release|Any CPU
		{BE104CE3-3630-4E6A-AB2C-1B0D4CC2D8F4}.Ad-Hoc|iPhoneSimulator.Build.0 = Release|Any CPU
		{BE104CE3-3630-4E6A-AB2C-1B0D4CC2D8F4}.Ad-Hoc|x64.ActiveCfg = Release|Any CPU
		{BE104CE3-3630-4E6A-AB2C-1B0D4CC2D8F4}.Ad-Hoc|x64.Build.0 = Release|Any CPU
		{BE104CE3-3630-4E6A-AB2C-1B0D4CC2D8F4}.Ad-Hoc|x86.ActiveCfg = Release|Any CPU
		{BE104CE3-3630-4E6A-AB2C-1B0D4CC2D8F4}.Ad-Hoc|x86.Build.0 = Release|Any CPU
		{BE104CE3-3630-4E6A-AB2C-1B0D4CC2D8F4}.AppStore|Any CPU.ActiveCfg = Release|Any CPU
		{BE104CE3-3630-4E6A-AB2C-1B0D4CC2D8F4}.AppStore|Any CPU.Build.0 = Release|Any CPU
		{BE104CE3-3630-4E6A-AB2C-1B0D4CC2D8F4}.AppStore|ARM.ActiveCfg = Release|Any CPU
		{BE104CE3-3630-4E6A-AB2C-1B0D4CC2D8F4}.AppStore|ARM.Build.0 = Release|Any CPU
		{BE104CE3-3630-4E6A-AB2C-1B0D4CC2D8F4}.AppStore|iPhone.ActiveCfg = Release|Any CPU
		{BE104CE3-3630-4E6A-AB2C-1B0D4CC2D8F4}.AppStore|iPhone.Build.0 = Release|Any CPU
		{BE104CE3-3630-4E6A-AB2C-1B0D4CC2D8F4}.AppStore|iPhoneSimulator.ActiveCfg = Release|Any CPU
		{BE104CE3-3630-4E6A-AB2C-1B0D4CC2D8F4}.AppStore|iPhoneSimulator.Build.0 = Release|Any CPU
		{BE104CE3-3630-4E6A-AB2C-1B0D4CC2D8F4}.AppStore|x64.ActiveCfg = Release|Any CPU
		{BE104CE3-3630-4E6A-AB2C-1B0D4CC2D8F4}.AppStore|x64.Build.0 = Release|Any CPU
		{BE104CE3-3630-4E6A-AB2C-1B0D4CC2D8F4}.AppStore|x86.ActiveCfg = Release|Any CPU
		{BE104CE3-3630-4E6A-AB2C-1B0D4CC2D8F4}.AppStore|x86.Build.0 = Release|Any CPU
		{BE104CE3-3630-4E6A-AB2C-1B0D4CC2D8F4}.Debug|Any CPU.ActiveCfg = Debug|Any CPU
		{BE104CE3-3630-4E6A-AB2C-1B0D4CC2D8F4}.Debug|Any CPU.Build.0 = Debug|Any CPU
		{BE104CE3-3630-4E6A-AB2C-1B0D4CC2D8F4}.Debug|ARM.ActiveCfg = Debug|Any CPU
		{BE104CE3-3630-4E6A-AB2C-1B0D4CC2D8F4}.Debug|ARM.Build.0 = Debug|Any CPU
		{BE104CE3-3630-4E6A-AB2C-1B0D4CC2D8F4}.Debug|iPhone.ActiveCfg = Debug|Any CPU
		{BE104CE3-3630-4E6A-AB2C-1B0D4CC2D8F4}.Debug|iPhone.Build.0 = Debug|Any CPU
		{BE104CE3-3630-4E6A-AB2C-1B0D4CC2D8F4}.Debug|iPhoneSimulator.ActiveCfg = Debug|Any CPU
		{BE104CE3-3630-4E6A-AB2C-1B0D4CC2D8F4}.Debug|iPhoneSimulator.Build.0 = Debug|Any CPU
		{BE104CE3-3630-4E6A-AB2C-1B0D4CC2D8F4}.Debug|x64.ActiveCfg = Debug|Any CPU
		{BE104CE3-3630-4E6A-AB2C-1B0D4CC2D8F4}.Debug|x64.Build.0 = Debug|Any CPU
		{BE104CE3-3630-4E6A-AB2C-1B0D4CC2D8F4}.Debug|x86.ActiveCfg = Debug|Any CPU
		{BE104CE3-3630-4E6A-AB2C-1B0D4CC2D8F4}.Debug|x86.Build.0 = Debug|Any CPU
		{BE104CE3-3630-4E6A-AB2C-1B0D4CC2D8F4}.Release|Any CPU.ActiveCfg = Release|Any CPU
		{BE104CE3-3630-4E6A-AB2C-1B0D4CC2D8F4}.Release|Any CPU.Build.0 = Release|Any CPU
		{BE104CE3-3630-4E6A-AB2C-1B0D4CC2D8F4}.Release|ARM.ActiveCfg = Release|Any CPU
		{BE104CE3-3630-4E6A-AB2C-1B0D4CC2D8F4}.Release|ARM.Build.0 = Release|Any CPU
		{BE104CE3-3630-4E6A-AB2C-1B0D4CC2D8F4}.Release|iPhone.ActiveCfg = Release|Any CPU
		{BE104CE3-3630-4E6A-AB2C-1B0D4CC2D8F4}.Release|iPhone.Build.0 = Release|Any CPU
		{BE104CE3-3630-4E6A-AB2C-1B0D4CC2D8F4}.Release|iPhoneSimulator.ActiveCfg = Release|Any CPU
		{BE104CE3-3630-4E6A-AB2C-1B0D4CC2D8F4}.Release|iPhoneSimulator.Build.0 = Release|Any CPU
		{BE104CE3-3630-4E6A-AB2C-1B0D4CC2D8F4}.Release|x64.ActiveCfg = Release|Any CPU
		{BE104CE3-3630-4E6A-AB2C-1B0D4CC2D8F4}.Release|x64.Build.0 = Release|Any CPU
		{BE104CE3-3630-4E6A-AB2C-1B0D4CC2D8F4}.Release|x86.ActiveCfg = Release|Any CPU
		{BE104CE3-3630-4E6A-AB2C-1B0D4CC2D8F4}.Release|x86.Build.0 = Release|Any CPU
		{BC85A8E6-0B17-462F-A4B7-FE8EA7BEB87D}.Ad-Hoc|Any CPU.ActiveCfg = Release|Any CPU
		{BC85A8E6-0B17-462F-A4B7-FE8EA7BEB87D}.Ad-Hoc|Any CPU.Build.0 = Release|Any CPU
		{BC85A8E6-0B17-462F-A4B7-FE8EA7BEB87D}.Ad-Hoc|ARM.ActiveCfg = Release|Any CPU
		{BC85A8E6-0B17-462F-A4B7-FE8EA7BEB87D}.Ad-Hoc|ARM.Build.0 = Release|Any CPU
		{BC85A8E6-0B17-462F-A4B7-FE8EA7BEB87D}.Ad-Hoc|iPhone.ActiveCfg = Release|Any CPU
		{BC85A8E6-0B17-462F-A4B7-FE8EA7BEB87D}.Ad-Hoc|iPhone.Build.0 = Release|Any CPU
		{BC85A8E6-0B17-462F-A4B7-FE8EA7BEB87D}.Ad-Hoc|iPhoneSimulator.ActiveCfg = Release|Any CPU
		{BC85A8E6-0B17-462F-A4B7-FE8EA7BEB87D}.Ad-Hoc|iPhoneSimulator.Build.0 = Release|Any CPU
		{BC85A8E6-0B17-462F-A4B7-FE8EA7BEB87D}.Ad-Hoc|x64.ActiveCfg = Release|Any CPU
		{BC85A8E6-0B17-462F-A4B7-FE8EA7BEB87D}.Ad-Hoc|x64.Build.0 = Release|Any CPU
		{BC85A8E6-0B17-462F-A4B7-FE8EA7BEB87D}.Ad-Hoc|x86.ActiveCfg = Release|Any CPU
		{BC85A8E6-0B17-462F-A4B7-FE8EA7BEB87D}.Ad-Hoc|x86.Build.0 = Release|Any CPU
		{BC85A8E6-0B17-462F-A4B7-FE8EA7BEB87D}.AppStore|Any CPU.ActiveCfg = Release|Any CPU
		{BC85A8E6-0B17-462F-A4B7-FE8EA7BEB87D}.AppStore|Any CPU.Build.0 = Release|Any CPU
		{BC85A8E6-0B17-462F-A4B7-FE8EA7BEB87D}.AppStore|ARM.ActiveCfg = Release|Any CPU
		{BC85A8E6-0B17-462F-A4B7-FE8EA7BEB87D}.AppStore|ARM.Build.0 = Release|Any CPU
		{BC85A8E6-0B17-462F-A4B7-FE8EA7BEB87D}.AppStore|iPhone.ActiveCfg = Release|Any CPU
		{BC85A8E6-0B17-462F-A4B7-FE8EA7BEB87D}.AppStore|iPhone.Build.0 = Release|Any CPU
		{BC85A8E6-0B17-462F-A4B7-FE8EA7BEB87D}.AppStore|iPhoneSimulator.ActiveCfg = Release|Any CPU
		{BC85A8E6-0B17-462F-A4B7-FE8EA7BEB87D}.AppStore|iPhoneSimulator.Build.0 = Release|Any CPU
		{BC85A8E6-0B17-462F-A4B7-FE8EA7BEB87D}.AppStore|x64.ActiveCfg = Release|Any CPU
		{BC85A8E6-0B17-462F-A4B7-FE8EA7BEB87D}.AppStore|x64.Build.0 = Release|Any CPU
		{BC85A8E6-0B17-462F-A4B7-FE8EA7BEB87D}.AppStore|x86.ActiveCfg = Release|Any CPU
		{BC85A8E6-0B17-462F-A4B7-FE8EA7BEB87D}.AppStore|x86.Build.0 = Release|Any CPU
		{BC85A8E6-0B17-462F-A4B7-FE8EA7BEB87D}.Debug|Any CPU.ActiveCfg = Debug|Any CPU
		{BC85A8E6-0B17-462F-A4B7-FE8EA7BEB87D}.Debug|Any CPU.Build.0 = Debug|Any CPU
		{BC85A8E6-0B17-462F-A4B7-FE8EA7BEB87D}.Debug|ARM.ActiveCfg = Debug|Any CPU
		{BC85A8E6-0B17-462F-A4B7-FE8EA7BEB87D}.Debug|ARM.Build.0 = Debug|Any CPU
		{BC85A8E6-0B17-462F-A4B7-FE8EA7BEB87D}.Debug|iPhone.ActiveCfg = Debug|Any CPU
		{BC85A8E6-0B17-462F-A4B7-FE8EA7BEB87D}.Debug|iPhone.Build.0 = Debug|Any CPU
		{BC85A8E6-0B17-462F-A4B7-FE8EA7BEB87D}.Debug|iPhoneSimulator.ActiveCfg = Debug|Any CPU
		{BC85A8E6-0B17-462F-A4B7-FE8EA7BEB87D}.Debug|iPhoneSimulator.Build.0 = Debug|Any CPU
		{BC85A8E6-0B17-462F-A4B7-FE8EA7BEB87D}.Debug|x64.ActiveCfg = Debug|Any CPU
		{BC85A8E6-0B17-462F-A4B7-FE8EA7BEB87D}.Debug|x64.Build.0 = Debug|Any CPU
		{BC85A8E6-0B17-462F-A4B7-FE8EA7BEB87D}.Debug|x86.ActiveCfg = Debug|Any CPU
		{BC85A8E6-0B17-462F-A4B7-FE8EA7BEB87D}.Debug|x86.Build.0 = Debug|Any CPU
		{BC85A8E6-0B17-462F-A4B7-FE8EA7BEB87D}.Release|Any CPU.ActiveCfg = Release|Any CPU
		{BC85A8E6-0B17-462F-A4B7-FE8EA7BEB87D}.Release|Any CPU.Build.0 = Release|Any CPU
		{BC85A8E6-0B17-462F-A4B7-FE8EA7BEB87D}.Release|ARM.ActiveCfg = Release|Any CPU
		{BC85A8E6-0B17-462F-A4B7-FE8EA7BEB87D}.Release|ARM.Build.0 = Release|Any CPU
		{BC85A8E6-0B17-462F-A4B7-FE8EA7BEB87D}.Release|iPhone.ActiveCfg = Release|Any CPU
		{BC85A8E6-0B17-462F-A4B7-FE8EA7BEB87D}.Release|iPhone.Build.0 = Release|Any CPU
		{BC85A8E6-0B17-462F-A4B7-FE8EA7BEB87D}.Release|iPhoneSimulator.ActiveCfg = Release|Any CPU
		{BC85A8E6-0B17-462F-A4B7-FE8EA7BEB87D}.Release|iPhoneSimulator.Build.0 = Release|Any CPU
		{BC85A8E6-0B17-462F-A4B7-FE8EA7BEB87D}.Release|x64.ActiveCfg = Release|Any CPU
		{BC85A8E6-0B17-462F-A4B7-FE8EA7BEB87D}.Release|x64.Build.0 = Release|Any CPU
		{BC85A8E6-0B17-462F-A4B7-FE8EA7BEB87D}.Release|x86.ActiveCfg = Release|Any CPU
		{BC85A8E6-0B17-462F-A4B7-FE8EA7BEB87D}.Release|x86.Build.0 = Release|Any CPU
	EndGlobalSection
	GlobalSection(SolutionProperties) = preSolution
		HideSolutionNode = FALSE
	EndGlobalSection
	GlobalSection(ExtensibilityGlobals) = postSolution
		SolutionGuid = {03AC922D-223A-4388-A184-9F526C317309}
	EndGlobalSection
EndGlobal
